
Microsoft Visual Studio Solution File, Format Version 12.00
# Visual Studio Version 17
VisualStudioVersion = 17.7.34009.444
MinimumVisualStudioVersion = 10.0.40219.1
Project("{FAE04EC0-301F-11D3-BF4B-00C04F79EFBC}") = "Portions.Server", "Portions.Server\Portions.Server.csproj", "{C0C38835-A647-432B-AD86-FCEBF3075ACB}"
EndProject
Project("{2150E333-8FDC-42A3-9474-1A3956D46DE8}") = "be_src", "be_src", "{90B2CC96-6F7E-47DD-BD93-E448A11BBFE7}"
EndProject
Project("{2150E333-8FDC-42A3-9474-1A3956D46DE8}") = "Core", "Core", "{CE4DBDDD-EC21-479B-B889-8C8D2B277BBD}"
EndProject
Project("{2150E333-8FDC-42A3-9474-1A3956D46DE8}") = "External", "External", "{081A9A45-F61A-42E9-A51D-7A2DFFADF79E}"
EndProject
Project("{2150E333-8FDC-42A3-9474-1A3956D46DE8}") = "fe_src", "fe_src", "{AD497328-FEE4-40E3-8650-862C8077089D}"
EndProject
Project("{FAE04EC0-301F-11D3-BF4B-00C04F79EFBC}") = "Portions.MAUI", "Portions.MAUI\Portions.MAUI.csproj", "{D5AA5146-3452-4D42-A9E1-EDF86E7C23C4}"
EndProject
Project("{FAE04EC0-301F-11D3-BF4B-00C04F79EFBC}") = "Portions.WASM", "Portions.WASM\Portions.WASM.csproj", "{49A9D972-AF04-4BF3-91EC-ADA398B6A4FB}"
EndProject
Project("{FAE04EC0-301F-11D3-BF4B-00C04F79EFBC}") = "Portions.Domain", "Portions.Domain\Portions.Domain.csproj", "{4787B9A2-2360-4BD8-85C9-46374660F082}"
EndProject
Project("{FAE04EC0-301F-11D3-BF4B-00C04F79EFBC}") = "Portions.Application", "Portions.Application\Portions.Application.csproj", "{FC0C06C8-CD34-4A3C-A3F8-32179E8D2E42}"
EndProject
Project("{FAE04EC0-301F-11D3-BF4B-00C04F79EFBC}") = "Portions.Infrastructure", "Portions.Infrastructure\Portions.Infrastructure.csproj", "{8C0576B8-C452-4175-8C2B-C6422DCB94B4}"
EndProject
Project("{FAE04EC0-301F-11D3-BF4B-00C04F79EFBC}") = "Portions.Presentation", "Portions.Presentation\Portions.Presentation.csproj", "{0CF6B651-2B95-4DFD-ACAA-2A9651CB1B71}"
EndProject
Global
	GlobalSection(SolutionConfigurationPlatforms) = preSolution
		Debug|Any CPU = Debug|Any CPU
		Release|Any CPU = Release|Any CPU
	EndGlobalSection
	GlobalSection(ProjectConfigurationPlatforms) = postSolution
		{C0C38835-A647-432B-AD86-FCEBF3075ACB}.Debug|Any CPU.ActiveCfg = Debug|Any CPU
		{C0C38835-A647-432B-AD86-FCEBF3075ACB}.Debug|Any CPU.Build.0 = Debug|Any CPU
		{C0C38835-A647-432B-AD86-FCEBF3075ACB}.Release|Any CPU.ActiveCfg = Release|Any CPU
		{C0C38835-A647-432B-AD86-FCEBF3075ACB}.Release|Any CPU.Build.0 = Release|Any CPU
		{D5AA5146-3452-4D42-A9E1-EDF86E7C23C4}.Debug|Any CPU.ActiveCfg = Debug|Any CPU
		{D5AA5146-3452-4D42-A9E1-EDF86E7C23C4}.Debug|Any CPU.Build.0 = Debug|Any CPU
		{D5AA5146-3452-4D42-A9E1-EDF86E7C23C4}.Debug|Any CPU.Deploy.0 = Debug|Any CPU
		{D5AA5146-3452-4D42-A9E1-EDF86E7C23C4}.Release|Any CPU.ActiveCfg = Release|Any CPU
		{D5AA5146-3452-4D42-A9E1-EDF86E7C23C4}.Release|Any CPU.Build.0 = Release|Any CPU
		{D5AA5146-3452-4D42-A9E1-EDF86E7C23C4}.Release|Any CPU.Deploy.0 = Release|Any CPU
		{49A9D972-AF04-4BF3-91EC-ADA398B6A4FB}.Debug|Any CPU.ActiveCfg = Debug|Any CPU
		{49A9D972-AF04-4BF3-91EC-ADA398B6A4FB}.Debug|Any CPU.Build.0 = Debug|Any CPU
		{49A9D972-AF04-4BF3-91EC-ADA398B6A4FB}.Release|Any CPU.ActiveCfg = Release|Any CPU
		{49A9D972-AF04-4BF3-91EC-ADA398B6A4FB}.Release|Any CPU.Build.0 = Release|Any CPU
		{4787B9A2-2360-4BD8-85C9-46374660F082}.Debug|Any CPU.ActiveCfg = Debug|Any CPU
		{4787B9A2-2360-4BD8-85C9-46374660F082}.Debug|Any CPU.Build.0 = Debug|Any CPU
		{4787B9A2-2360-4BD8-85C9-46374660F082}.Release|Any CPU.ActiveCfg = Release|Any CPU
		{4787B9A2-2360-4BD8-85C9-46374660F082}.Release|Any CPU.Build.0 = Release|Any CPU
		{FC0C06C8-CD34-4A3C-A3F8-32179E8D2E42}.Debug|Any CPU.ActiveCfg = Debug|Any CPU
		{FC0C06C8-CD34-4A3C-A3F8-32179E8D2E42}.Debug|Any CPU.Build.0 = Debug|Any CPU
		{FC0C06C8-CD34-4A3C-A3F8-32179E8D2E42}.Release|Any CPU.ActiveCfg = Release|Any CPU
		{FC0C06C8-CD34-4A3C-A3F8-32179E8D2E42}.Release|Any CPU.Build.0 = Release|Any CPU
		{8C0576B8-C452-4175-8C2B-C6422DCB94B4}.Debug|Any CPU.ActiveCfg = Debug|Any CPU
		{8C0576B8-C452-4175-8C2B-C6422DCB94B4}.Debug|Any CPU.Build.0 = Debug|Any CPU
		{8C0576B8-C452-4175-8C2B-C6422DCB94B4}.Release|Any CPU.ActiveCfg = Release|Any CPU
		{8C0576B8-C452-4175-8C2B-C6422DCB94B4}.Release|Any CPU.Build.0 = Release|Any CPU
		{0CF6B651-2B95-4DFD-ACAA-2A9651CB1B71}.Debug|Any CPU.ActiveCfg = Debug|Any CPU
		{0CF6B651-2B95-4DFD-ACAA-2A9651CB1B71}.Debug|Any CPU.Build.0 = Debug|Any CPU
		{0CF6B651-2B95-4DFD-ACAA-2A9651CB1B71}.Release|Any CPU.ActiveCfg = Release|Any CPU
		{0CF6B651-2B95-4DFD-ACAA-2A9651CB1B71}.Release|Any CPU.Build.0 = Release|Any CPU
	EndGlobalSection
	GlobalSection(SolutionProperties) = preSolution
		HideSolutionNode = FALSE
	EndGlobalSection
	GlobalSection(NestedProjects) = preSolution
		{C0C38835-A647-432B-AD86-FCEBF3075ACB} = {90B2CC96-6F7E-47DD-BD93-E448A11BBFE7}
		{CE4DBDDD-EC21-479B-B889-8C8D2B277BBD} = {90B2CC96-6F7E-47DD-BD93-E448A11BBFE7}
		{081A9A45-F61A-42E9-A51D-7A2DFFADF79E} = {90B2CC96-6F7E-47DD-BD93-E448A11BBFE7}
		{D5AA5146-3452-4D42-A9E1-EDF86E7C23C4} = {AD497328-FEE4-40E3-8650-862C8077089D}
		{49A9D972-AF04-4BF3-91EC-ADA398B6A4FB} = {AD497328-FEE4-40E3-8650-862C8077089D}
		{4787B9A2-2360-4BD8-85C9-46374660F082} = {CE4DBDDD-EC21-479B-B889-8C8D2B277BBD}
		{FC0C06C8-CD34-4A3C-A3F8-32179E8D2E42} = {CE4DBDDD-EC21-479B-B889-8C8D2B277BBD}
		{8C0576B8-C452-4175-8C2B-C6422DCB94B4} = {081A9A45-F61A-42E9-A51D-7A2DFFADF79E}
		{0CF6B651-2B95-4DFD-ACAA-2A9651CB1B71} = {081A9A45-F61A-42E9-A51D-7A2DFFADF79E}
	EndGlobalSection
	GlobalSection(ExtensibilityGlobals) = postSolution
		SolutionGuid = {39684155-D0C7-4FD4-9344-682058DDCAF3}
	EndGlobalSection
EndGlobal
